{
  "lockfileVersion": 1,
  "workspaces": {
    "": {
      "name": "api",
      "dependencies": {
        "@bogeychan/elysia-oauth2": "^0.1.0",
        "@elysiajs/cors": "^1.3.3",
        "@prisma/client": "^5.0.0",
        "arctic": "^3.7.0",
        "elysia": "latest",
        "elysia-oauth2": "^2.1.0",
        "jsonwebtoken": "^9.0.2",
      },
      "devDependencies": {
        "@types/jsonwebtoken": "^9.0.9",
        "bun-types": "latest",
      },
    },
  },
  "packages": {
    "@bogeychan/elysia-oauth2": ["@bogeychan/elysia-oauth2@0.1.0", "", { "peerDependencies": { "elysia": ">= 1.2.12" } }, "sha512-VEwuJYuEYYO4FHMeqhpoQz0Gj/kMhL1kL2aHl2vRkSxfSFTBxqCOD1yXH/yIeKYyYhLSWiN73eoPskcO12n9hQ=="],

    "@elysiajs/cors": ["@elysiajs/cors@1.3.3", "", { "peerDependencies": { "elysia": ">= 1.3.0" } }, "sha512-mYIU6PyMM6xIJuj7d27Vt0/wuzVKIEnFPjcvlkyd7t/m9xspAG37cwNjFxVOnyvY43oOd2I/oW2DB85utXpA2Q=="],

    "@oslojs/asn1": ["@oslojs/asn1@1.0.0", "", { "dependencies": { "@oslojs/binary": "1.0.0" } }, "sha512-zw/wn0sj0j0QKbIXfIlnEcTviaCzYOY3V5rAyjR6YtOByFtJiT574+8p9Wlach0lZH9fddD4yb9laEAIl4vXQA=="],

    "@oslojs/binary": ["@oslojs/binary@1.0.0", "", {}, "sha512-9RCU6OwXU6p67H4NODbuxv2S3eenuQ4/WFLrsq+K/k682xrznH5EVWA7N4VFk9VYVcbFtKqur5YQQZc0ySGhsQ=="],

    "@oslojs/crypto": ["@oslojs/crypto@1.0.1", "", { "dependencies": { "@oslojs/asn1": "1.0.0", "@oslojs/binary": "1.0.0" } }, "sha512-7n08G8nWjAr/Yu3vu9zzrd0L9XnrJfpMioQcvCMxBIiF5orECHe5/3J0jmXRVvgfqMm/+4oxlQ+Sq39COYLcNQ=="],

    "@oslojs/encoding": ["@oslojs/encoding@1.1.0", "", {}, "sha512-70wQhgYmndg4GCPxPPxPGevRKqTIJ2Nh4OkiMWmDAVYsTQ+Ta7Sq+rPevXyXGdzr30/qZBnyOalCszoMxlyldQ=="],

    "@oslojs/jwt": ["@oslojs/jwt@0.2.0", "", { "dependencies": { "@oslojs/encoding": "0.4.1" } }, "sha512-bLE7BtHrURedCn4Mco3ma9L4Y1GR2SMBuIvjWr7rmQ4/W/4Jy70TIAgZ+0nIlk0xHz1vNP8x8DCns45Sb2XRbg=="],

    "@prisma/client": ["@prisma/client@5.22.0", "", { "peerDependencies": { "prisma": "*" }, "optionalPeers": ["prisma"] }, "sha512-M0SVXfyHnQREBKxCgyo7sffrKttwE6R8PMq330MIUF0pTwjUhLbW84pFDlf06B27XyCR++VtjugEnIHdr07SVA=="],

    "@sinclair/typebox": ["@sinclair/typebox@0.34.35", "", {}, "sha512-C6ypdODf2VZkgRT6sFM8E1F8vR+HcffniX0Kp8MsU8PIfrlXbNCBz0jzj17GjdmjTx1OtZzdH8+iALL21UjF5A=="],

    "@tokenizer/inflate": ["@tokenizer/inflate@0.2.7", "", { "dependencies": { "debug": "^4.4.0", "fflate": "^0.8.2", "token-types": "^6.0.0" } }, "sha512-MADQgmZT1eKjp06jpI2yozxaU9uVs4GzzgSL+uEq7bVcJ9V1ZXQkeGNql1fsSI0gMy1vhvNTNbUqrx+pZfJVmg=="],

    "@tokenizer/token": ["@tokenizer/token@0.3.0", "", {}, "sha512-OvjF+z51L3ov0OyAU0duzsYuvO01PH7x4t6DJx+guahgTnBHkhJdG7soQeTSFLWN3efnHyibZ4Z8l2EuWwJN3A=="],

    "@types/jsonwebtoken": ["@types/jsonwebtoken@9.0.10", "", { "dependencies": { "@types/ms": "*", "@types/node": "*" } }, "sha512-asx5hIG9Qmf/1oStypjanR7iKTv0gXQ1Ov/jfrX6kS/EO0OFni8orbmGCn0672NHR3kXHwpAwR+B368ZGN/2rA=="],

    "@types/ms": ["@types/ms@2.1.0", "", {}, "sha512-GsCCIZDE/p3i96vtEqx+7dBUGXrc7zeSK3wwPHIaRThS+9OhWIXRqzs4d6k1SVU8g91DrNRWxWUGhp5KXQb2VA=="],

    "@types/node": ["@types/node@24.0.3", "", { "dependencies": { "undici-types": "~7.8.0" } }, "sha512-R4I/kzCYAdRLzfiCabn9hxWfbuHS573x+r0dJMkkzThEa7pbrcDWK+9zu3e7aBOouf+rQAciqPFMnxwr0aWgKg=="],

    "arctic": ["arctic@3.7.0", "", { "dependencies": { "@oslojs/crypto": "1.0.1", "@oslojs/encoding": "1.1.0", "@oslojs/jwt": "0.2.0" } }, "sha512-ZMQ+f6VazDgUJOd+qNV+H7GohNSYal1mVjm5kEaZfE2Ifb7Ss70w+Q7xpJC87qZDkMZIXYf0pTIYZA0OPasSbw=="],

    "buffer-equal-constant-time": ["buffer-equal-constant-time@1.0.1", "", {}, "sha512-zRpUiDwd/xk6ADqPMATG8vc9VPrkck7T07OIx0gnjmJAnHnTVXNQG3vfvWNuiZIkwu9KrKdA1iJKfsfTVxE6NA=="],

    "bun-types": ["bun-types@1.2.16", "", { "dependencies": { "@types/node": "*" } }, "sha512-ciXLrHV4PXax9vHvUrkvun9VPVGOVwbbbBF/Ev1cXz12lyEZMoJpIJABOfPcN9gDJRaiKF9MVbSygLg4NXu3/A=="],

    "cookie": ["cookie@1.0.2", "", {}, "sha512-9Kr/j4O16ISv8zBBhJoi4bXOYNTkFLOqSL3UDB0njXxCXNezjeyVrJyGOWtgfs/q2km1gwBcfH8q1yEGoMYunA=="],

    "debug": ["debug@4.4.1", "", { "dependencies": { "ms": "^2.1.3" } }, "sha512-KcKCqiftBJcZr++7ykoDIEwSa3XWowTfNPo92BYxjXiyYEVrUQh2aLyhxBCwww+heortUFxEJYcRzosstTEBYQ=="],

    "ecdsa-sig-formatter": ["ecdsa-sig-formatter@1.0.11", "", { "dependencies": { "safe-buffer": "^5.0.1" } }, "sha512-nagl3RYrbNv6kQkeJIpt6NJZy8twLB/2vtz6yN9Z4vRKHN4/QZJIEbqohALSgwKdnksuY3k5Addp5lg8sVoVcQ=="],

    "elysia": ["elysia@1.3.5", "", { "dependencies": { "cookie": "^1.0.2", "exact-mirror": "0.1.2", "fast-decode-uri-component": "^1.0.1" }, "optionalDependencies": { "@sinclair/typebox": "^0.34.33", "openapi-types": "^12.1.3" }, "peerDependencies": { "file-type": ">= 20.0.0", "typescript": ">= 5.0.0" } }, "sha512-XVIKXlKFwUT7Sta8GY+wO5reD9I0rqAEtaz1Z71UgJb61csYt8Q3W9al8rtL5RgumuRR8e3DNdzlUN9GkC4KDw=="],

    "elysia-oauth2": ["elysia-oauth2@2.1.0", "", { "peerDependencies": { "arctic": "*", "elysia": "^1.2.0" } }, "sha512-+8ZfUTHWi4y6BB4dpQ8rc1xEkHhp5tR5a4lF8iUoZs6yoStIZnnb0PIL7pJ+KJeN5IgmXgmvInsQynk62H3itQ=="],

    "exact-mirror": ["exact-mirror@0.1.2", "", { "peerDependencies": { "@sinclair/typebox": "^0.34.15" }, "optionalPeers": ["@sinclair/typebox"] }, "sha512-wFCPCDLmHbKGUb8TOi/IS7jLsgR8WVDGtDK3CzcB4Guf/weq7G+I+DkXiRSZfbemBFOxOINKpraM6ml78vo8Zw=="],

    "fast-decode-uri-component": ["fast-decode-uri-component@1.0.1", "", {}, "sha512-WKgKWg5eUxvRZGwW8FvfbaH7AXSh2cL+3j5fMGzUMCxWBJ3dV3a7Wz8y2f/uQ0e3B6WmodD3oS54jTQ9HVTIIg=="],

    "fflate": ["fflate@0.8.2", "", {}, "sha512-cPJU47OaAoCbg0pBvzsgpTPhmhqI5eJjh/JIu8tPj5q+T7iLvW/JAYUqmE7KOB4R1ZyEhzBaIQpQpardBF5z8A=="],

    "file-type": ["file-type@21.0.0", "", { "dependencies": { "@tokenizer/inflate": "^0.2.7", "strtok3": "^10.2.2", "token-types": "^6.0.0", "uint8array-extras": "^1.4.0" } }, "sha512-ek5xNX2YBYlXhiUXui3D/BXa3LdqPmoLJ7rqEx2bKJ7EAUEfmXgW0Das7Dc6Nr9MvqaOnIqiPV0mZk/r/UpNAg=="],

    "ieee754": ["ieee754@1.2.1", "", {}, "sha512-dcyqhDvX1C46lXZcVqCpK+FtMRQVdIMN6/Df5js2zouUsqG7I6sFxitIC+7KYK29KdXOLHdu9zL4sFnoVQnqaA=="],

    "jsonwebtoken": ["jsonwebtoken@9.0.2", "", { "dependencies": { "jws": "^3.2.2", "lodash.includes": "^4.3.0", "lodash.isboolean": "^3.0.3", "lodash.isinteger": "^4.0.4", "lodash.isnumber": "^3.0.3", "lodash.isplainobject": "^4.0.6", "lodash.isstring": "^4.0.1", "lodash.once": "^4.0.0", "ms": "^2.1.1", "semver": "^7.5.4" } }, "sha512-PRp66vJ865SSqOlgqS8hujT5U4AOgMfhrwYIuIhfKaoSCZcirrmASQr8CX7cUg+RMih+hgznrjp99o+W4pJLHQ=="],

    "jwa": ["jwa@1.4.2", "", { "dependencies": { "buffer-equal-constant-time": "^1.0.1", "ecdsa-sig-formatter": "1.0.11", "safe-buffer": "^5.0.1" } }, "sha512-eeH5JO+21J78qMvTIDdBXidBd6nG2kZjg5Ohz/1fpa28Z4CcsWUzJ1ZZyFq/3z3N17aZy+ZuBoHljASbL1WfOw=="],

    "jws": ["jws@3.2.2", "", { "dependencies": { "jwa": "^1.4.1", "safe-buffer": "^5.0.1" } }, "sha512-YHlZCB6lMTllWDtSPHz/ZXTsi8S00usEV6v1tjq8tOUZzw7DpSDWVXjXDre6ed1w/pd495ODpHZYSdkRTsa0HA=="],

    "lodash.includes": ["lodash.includes@4.3.0", "", {}, "sha512-W3Bx6mdkRTGtlJISOvVD/lbqjTlPPUDTMnlXZFnVwi9NKJ6tiAk6LVdlhZMm17VZisqhKcgzpO5Wz91PCt5b0w=="],

    "lodash.isboolean": ["lodash.isboolean@3.0.3", "", {}, "sha512-Bz5mupy2SVbPHURB98VAcw+aHh4vRV5IPNhILUCsOzRmsTmSQ17jIuqopAentWoehktxGd9e/hbIXq980/1QJg=="],

    "lodash.isinteger": ["lodash.isinteger@4.0.4", "", {}, "sha512-DBwtEWN2caHQ9/imiNeEA5ys1JoRtRfY3d7V9wkqtbycnAmTvRRmbHKDV4a0EYc678/dia0jrte4tjYwVBaZUA=="],

    "lodash.isnumber": ["lodash.isnumber@3.0.3", "", {}, "sha512-QYqzpfwO3/CWf3XP+Z+tkQsfaLL/EnUlXWVkIk5FUPc4sBdTehEqZONuyRt2P67PXAk+NXmTBcc97zw9t1FQrw=="],

    "lodash.isplainobject": ["lodash.isplainobject@4.0.6", "", {}, "sha512-oSXzaWypCMHkPC3NvBEaPHf0KsA5mvPrOPgQWDsbg8n7orZ290M0BmC/jgRZ4vcJ6DTAhjrsSYgdsW/F+MFOBA=="],

    "lodash.isstring": ["lodash.isstring@4.0.1", "", {}, "sha512-0wJxfxH1wgO3GrbuP+dTTk7op+6L41QCXbGINEmD+ny/G/eCqGzxyCsh7159S+mgDDcoarnBw6PC1PS5+wUGgw=="],

    "lodash.once": ["lodash.once@4.1.1", "", {}, "sha512-Sb487aTOCr9drQVL8pIxOzVhafOjZN9UU54hiN8PU3uAiSV7lx1yYNpbNmex2PK6dSJoNTSJUUswT651yww3Mg=="],

    "ms": ["ms@2.1.3", "", {}, "sha512-6FlzubTLZG3J2a/NVCAleEhjzq5oxgHyaCU9yYXvcLsvoVaHJq/s5xXI6/XXP6tz7R9xAOtHnSO/tXtF3WRTlA=="],

    "openapi-types": ["openapi-types@12.1.3", "", {}, "sha512-N4YtSYJqghVu4iek2ZUvcN/0aqH1kRDuNqzcycDxhOUpg7GdvLa2F3DgS6yBNhInhv2r/6I0Flkn7CqL8+nIcw=="],

    "safe-buffer": ["safe-buffer@5.2.1", "", {}, "sha512-rp3So07KcdmmKbGvgaNxQSJr7bGVSVk5S9Eq1F+ppbRo70+YeaDxkw5Dd8NPN+GD6bjnYm2VuPuCXmpuYvmCXQ=="],

    "semver": ["semver@7.7.2", "", { "bin": { "semver": "bin/semver.js" } }, "sha512-RF0Fw+rO5AMf9MAyaRXI4AV0Ulj5lMHqVxxdSgiVbixSCXoEmmX/jk0CuJw4+3SqroYO9VoUh+HcuJivvtJemA=="],

    "strtok3": ["strtok3@10.3.1", "", { "dependencies": { "@tokenizer/token": "^0.3.0" } }, "sha512-3JWEZM6mfix/GCJBBUrkA8p2Id2pBkyTkVCJKto55w080QBKZ+8R171fGrbiSp+yMO/u6F8/yUh7K4V9K+YCnw=="],

    "token-types": ["token-types@6.0.0", "", { "dependencies": { "@tokenizer/token": "^0.3.0", "ieee754": "^1.2.1" } }, "sha512-lbDrTLVsHhOMljPscd0yitpozq7Ga2M5Cvez5AjGg8GASBjtt6iERCAJ93yommPmz62fb45oFIXHEZ3u9bfJEA=="],

    "typescript": ["typescript@5.8.3", "", { "bin": { "tsc": "bin/tsc", "tsserver": "bin/tsserver" } }, "sha512-p1diW6TqL9L07nNxvRMM7hMMw4c5XOo/1ibL4aAIGmSAt9slTE1Xgw5KWuof2uTOvCg9BY7ZRi+GaF+7sfgPeQ=="],

    "uint8array-extras": ["uint8array-extras@1.4.0", "", {}, "sha512-ZPtzy0hu4cZjv3z5NW9gfKnNLjoz4y6uv4HlelAjDK7sY/xOkKZv9xK/WQpcsBB3jEybChz9DPC2U/+cusjJVQ=="],

    "undici-types": ["undici-types@7.8.0", "", {}, "sha512-9UJ2xGDvQ43tYyVMpuHlsgApydB8ZKfVYTsLDhXkFL/6gfkp+U8xTGdh8pMJv1SpZna0zxG1DwsKZsreLbXBxw=="],

    "@oslojs/jwt/@oslojs/encoding": ["@oslojs/encoding@0.4.1", "", {}, "sha512-hkjo6MuIK/kQR5CrGNdAPZhS01ZCXuWDRJ187zh6qqF2+yMHZpD9fAYpX8q2bOO6Ryhl3XpCT6kUX76N8hhm4Q=="],
  }
}
